# Generated by buf. DO NOT EDIT.
version: v2
deps:
  - name: buf.build/envoyproxy/protoc-gen-validate
    commit: 89818263b32b46d39c9ecb5984bd2850
    digest: b5:358e1f254e6a707cbbc923c158ead73e2afc8e2fd6bafcaca5f6babef18767a0e50424a7f545404d8237c28ffe633957810160ba41af39e111b0c364a13b6f30
  - name: buf.build/googleapis/googleapis
    commit: 4383c33e6c714f8bb30a26a6d838e217
    digest: b5:24e758f963ee1bb3b5218eb452e0bdfb7a5449d9a77d174b8284b6368ccc1884213689381cdcd79e4231796c281c128ac1ae50825237b1774deb542bdc704b32
  - name: buf.build/kratos/apis
    commit: c2de25f14fa445a79a054214f31d17a8
    digest: b5:3e4dac0d26ce9db17309aeb845f0efb38ec7db1af06ee3c6b8dce2f4f7f53f126d62233c4910410384ead7f0a0edb6448cb389e62d1e3da5e927c3a980828f0b
